<Solution>
  <Configurations>
    <BuildType Name="Debug R24" />
    <BuildType Name="Release R24" />
  </Configurations>
  <Project Path="ProyectoDoly.csproj" />
  <!--El motor y sus pruebas no dependen de Revit: usan Debug/Release normales-->
  <Project Path="../Doly.Core/Doly.Core.csproj">
    <BuildType Solution="Debug R24|*" Project="Debug" />
    <BuildType Solution="Release R24|*" Project="Release" />
  </Project>
  <Project Path="../Doly.Core.Tests/Doly.Core.Tests.csproj">
    <BuildType Solution="Debug R24|*" Project="Debug" />
    <BuildType Solution="Release R24|*" Project="Release" />
  </Project>
</Solution>
